// !$*UTF8*$!
{
	archiveVersion = 1;
	classes = {
	};
	objectVersion = 56;
	objects = {

/* Begin PBXBuildFile section */
		6E4851972BB9F97A007D51FE /* KRProgressHUD in Frameworks */ = {isa = PBXBuildFile; productRef = 6E4851962BB9F97A007D51FE /* KRProgressHUD */; };
		6E7CF7752BB9B9CF00D3647F /* AppDelegate.swift in Sources */ = {isa = PBXBuildFile; fileRef = 6E7CF7742BB9B9CF00D3647F /* AppDelegate.swift */; };
		6E7CF7772BB9B9CF00D3647F /* SceneDelegate.swift in Sources */ = {isa = PBXBuildFile; fileRef = 6E7CF7762BB9B9CF00D3647F /* SceneDelegate.swift */; };
		6E7CF77E2BB9B9D000D3647F /* Assets.xcassets in Resources */ = {isa = PBXBuildFile; fileRef = 6E7CF77D2BB9B9D000D3647F /* Assets.xcassets */; };
		6E7CF7812BB9B9D000D3647F /* LaunchScreen.storyboard in Resources */ = {isa = PBXBuildFile; fileRef = 6E7CF77F2BB9B9D000D3647F /* LaunchScreen.storyboard */; };
		6E7CF78C2BB9B9D000D3647F /* CleanSwiftTemplateTests.swift in Sources */ = {isa = PBXBuildFile; fileRef = 6E7CF78B2BB9B9D000D3647F /* CleanSwiftTemplateTests.swift */; };
		6E7CF7962BB9B9D000D3647F /* CleanSwiftTemplateUITests.swift in Sources */ = {isa = PBXBuildFile; fileRef = 6E7CF7952BB9B9D000D3647F /* CleanSwiftTemplateUITests.swift */; };
		6E7CF7982BB9B9D000D3647F /* CleanSwiftTemplateUITestsLaunchTests.swift in Sources */ = {isa = PBXBuildFile; fileRef = 6E7CF7972BB9B9D000D3647F /* CleanSwiftTemplateUITestsLaunchTests.swift */; };
		6E7CF7A82BB9BC6F00D3647F /* MainViewController.swift in Sources */ = {isa = PBXBuildFile; fileRef = 6E7CF7A62BB9BC6F00D3647F /* MainViewController.swift */; };
		6E7CF7A92BB9BC6F00D3647F /* MainViewController.xib in Resources */ = {isa = PBXBuildFile; fileRef = 6E7CF7A72BB9BC6F00D3647F /* MainViewController.xib */; };
		6E7CF7AE2BB9C12400D3647F /* Alamofire in Frameworks */ = {isa = PBXBuildFile; productRef = 6E7CF7AD2BB9C12400D3647F /* Alamofire */; };
		6E7CF7B42BB9C21A00D3647F /* NetworkConstants.swift in Sources */ = {isa = PBXBuildFile; fileRef = 6E7CF7B32BB9C21A00D3647F /* NetworkConstants.swift */; };
		6E7CF7B62BB9C23B00D3647F /* CNetworkRouter.swift in Sources */ = {isa = PBXBuildFile; fileRef = 6E7CF7B52BB9C23B00D3647F /* CNetworkRouter.swift */; };
		6E7CF7B82BB9C62700D3647F /* CNetworkError.swift in Sources */ = {isa = PBXBuildFile; fileRef = 6E7CF7B72BB9C62700D3647F /* CNetworkError.swift */; };
		6E7CF7BA2BB9C64E00D3647F /* CNetwork.swift in Sources */ = {isa = PBXBuildFile; fileRef = 6E7CF7B92BB9C64E00D3647F /* CNetwork.swift */; };
/* End PBXBuildFile section */

/* Begin PBXContainerItemProxy section */
		6E7CF7882BB9B9D000D3647F /* PBXContainerItemProxy */ = {
			isa = PBXContainerItemProxy;
			containerPortal = 6E7CF7692BB9B9CF00D3647F /* Project object */;
			proxyType = 1;
			remoteGlobalIDString = 6E7CF7702BB9B9CF00D3647F;
			remoteInfo = CleanSwiftTemplate;
		};
		6E7CF7922BB9B9D000D3647F /* PBXContainerItemProxy */ = {
			isa = PBXContainerItemProxy;
			containerPortal = 6E7CF7692BB9B9CF00D3647F /* Project object */;
			proxyType = 1;
			remoteGlobalIDString = 6E7CF7702BB9B9CF00D3647F;
			remoteInfo = CleanSwiftTemplate;
		};
/* End PBXContainerItemProxy section */

/* Begin PBXFileReference section */
		6E7CF7712BB9B9CF00D3647F /* CleanSwiftTemplate.app */ = {isa = PBXFileReference; explicitFileType = wrapper.application; includeInIndex = 0; path = CleanSwiftTemplate.app; sourceTree = BUILT_PRODUCTS_DIR; };
		6E7CF7742BB9B9CF00D3647F /* AppDelegate.swift */ = {isa = PBXFileReference; lastKnownFileType = sourcecode.swift; path = AppDelegate.swift; sourceTree = "<group>"; };
		6E7CF7762BB9B9CF00D3647F /* SceneDelegate.swift */ = {isa = PBXFileReference; lastKnownFileType = sourcecode.swift; path = SceneDelegate.swift; sourceTree = "<group>"; };
		6E7CF77D2BB9B9D000D3647F /* Assets.xcassets */ = {isa = PBXFileReference; lastKnownFileType = folder.assetcatalog; path = Assets.xcassets; sourceTree = "<group>"; };
		6E7CF7802BB9B9D000D3647F /* Base */ = {isa = PBXFileReference; lastKnownFileType = file.storyboard; name = Base; path = Base.lproj/LaunchScreen.storyboard; sourceTree = "<group>"; };
		6E7CF7822BB9B9D000D3647F /* Info.plist */ = {isa = PBXFileReference; lastKnownFileType = text.plist.xml; path = Info.plist; sourceTree = "<group>"; };
		6E7CF7872BB9B9D000D3647F /* CleanSwiftTemplateTests.xctest */ = {isa = PBXFileReference; explicitFileType = wrapper.cfbundle; includeInIndex = 0; path = CleanSwiftTemplateTests.xctest; sourceTree = BUILT_PRODUCTS_DIR; };
		6E7CF78B2BB9B9D000D3647F /* CleanSwiftTemplateTests.swift */ = {isa = PBXFileReference; lastKnownFileType = sourcecode.swift; path = CleanSwiftTemplateTests.swift; sourceTree = "<group>"; };
		6E7CF7912BB9B9D000D3647F /* CleanSwiftTemplateUITests.xctest */ = {isa = PBXFileReference; explicitFileType = wrapper.cfbundle; includeInIndex = 0; path = CleanSwiftTemplateUITests.xctest; sourceTree = BUILT_PRODUCTS_DIR; };
		6E7CF7952BB9B9D000D3647F /* CleanSwiftTemplateUITests.swift */ = {isa = PBXFileReference; lastKnownFileType = sourcecode.swift; path = CleanSwiftTemplateUITests.swift; sourceTree = "<group>"; };
		6E7CF7972BB9B9D000D3647F /* CleanSwiftTemplateUITestsLaunchTests.swift */ = {isa = PBXFileReference; lastKnownFileType = sourcecode.swift; path = CleanSwiftTemplateUITestsLaunchTests.swift; sourceTree = "<group>"; };
		6E7CF7A62BB9BC6F00D3647F /* MainViewController.swift */ = {isa = PBXFileReference; lastKnownFileType = sourcecode.swift; path = MainViewController.swift; sourceTree = "<group>"; };
		6E7CF7A72BB9BC6F00D3647F /* MainViewController.xib */ = {isa = PBXFileReference; lastKnownFileType = file.xib; path = MainViewController.xib; sourceTree = "<group>"; };
		6E7CF7B32BB9C21A00D3647F /* NetworkConstants.swift */ = {isa = PBXFileReference; lastKnownFileType = sourcecode.swift; path = NetworkConstants.swift; sourceTree = "<group>"; };
		6E7CF7B52BB9C23B00D3647F /* CNetworkRouter.swift */ = {isa = PBXFileReference; lastKnownFileType = sourcecode.swift; path = CNetworkRouter.swift; sourceTree = "<group>"; };
		6E7CF7B72BB9C62700D3647F /* CNetworkError.swift */ = {isa = PBXFileReference; lastKnownFileType = sourcecode.swift; path = CNetworkError.swift; sourceTree = "<group>"; };
		6E7CF7B92BB9C64E00D3647F /* CNetwork.swift */ = {isa = PBXFileReference; lastKnownFileType = sourcecode.swift; path = CNetwork.swift; sourceTree = "<group>"; };
/* End PBXFileReference section */

/* Begin PBXFrameworksBuildPhase section */
		6E7CF76E2BB9B9CF00D3647F /* Frameworks */ = {
			isa = PBXFrameworksBuildPhase;
			buildActionMask = 2147483647;
			files = (
				6E4851972BB9F97A007D51FE /* KRProgressHUD in Frameworks */,
				6E7CF7AE2BB9C12400D3647F /* Alamofire in Frameworks */,
			);
			runOnlyForDeploymentPostprocessing = 0;
		};
		6E7CF7842BB9B9D000D3647F /* Frameworks */ = {
			isa = PBXFrameworksBuildPhase;
			buildActionMask = 2147483647;
			files = (
			);
			runOnlyForDeploymentPostprocessing = 0;
		};
		6E7CF78E2BB9B9D000D3647F /* Frameworks */ = {
			isa = PBXFrameworksBuildPhase;
			buildActionMask = 2147483647;
			files = (
			);
			runOnlyForDeploymentPostprocessing = 0;
		};
/* End PBXFrameworksBuildPhase section */

/* Begin PBXGroup section */
		6E7CF7682BB9B9CF00D3647F = {
			isa = PBXGroup;
			children = (
				6E7CF7732BB9B9CF00D3647F /* CleanSwiftTemplate */,
				6E7CF78A2BB9B9D000D3647F /* CleanSwiftTemplateTests */,
				6E7CF7942BB9B9D000D3647F /* CleanSwiftTemplateUITests */,
				6E7CF7722BB9B9CF00D3647F /* Products */,
			);
			sourceTree = "<group>";
		};
		6E7CF7722BB9B9CF00D3647F /* Products */ = {
			isa = PBXGroup;
			children = (
				6E7CF7712BB9B9CF00D3647F /* CleanSwiftTemplate.app */,
				6E7CF7872BB9B9D000D3647F /* CleanSwiftTemplateTests.xctest */,
				6E7CF7912BB9B9D000D3647F /* CleanSwiftTemplateUITests.xctest */,
			);
			name = Products;
			sourceTree = "<group>";
		};
		6E7CF7732BB9B9CF00D3647F /* CleanSwiftTemplate */ = {
			isa = PBXGroup;
			children = (
				6E7CF7B22BB9C1F700D3647F /* CNetwork */,
				6E7CF7AB2BB9BC8F00D3647F /* App */,
				6E7CF7AA2BB9BC8200D3647F /* Assets */,
				6E7CF7A42BB9BC5300D3647F /* Scenes */,
				6E7CF77F2BB9B9D000D3647F /* LaunchScreen.storyboard */,
				6E7CF7822BB9B9D000D3647F /* Info.plist */,
			);
			path = CleanSwiftTemplate;
			sourceTree = "<group>";
		};
		6E7CF78A2BB9B9D000D3647F /* CleanSwiftTemplateTests */ = {
			isa = PBXGroup;
			children = (
				6E7CF78B2BB9B9D000D3647F /* CleanSwiftTemplateTests.swift */,
			);
			path = CleanSwiftTemplateTests;
			sourceTree = "<group>";
		};
		6E7CF7942BB9B9D000D3647F /* CleanSwiftTemplateUITests */ = {
			isa = PBXGroup;
			children = (
				6E7CF7952BB9B9D000D3647F /* CleanSwiftTemplateUITests.swift */,
				6E7CF7972BB9B9D000D3647F /* CleanSwiftTemplateUITestsLaunchTests.swift */,
			);
			path = CleanSwiftTemplateUITests;
			sourceTree = "<group>";
		};
		6E7CF7A42BB9BC5300D3647F /* Scenes */ = {
			isa = PBXGroup;
			children = (
				6E7CF7A52BB9BC5E00D3647F /* Main */,
			);
			path = Scenes;
			sourceTree = "<group>";
		};
		6E7CF7A52BB9BC5E00D3647F /* Main */ = {
			isa = PBXGroup;
			children = (
				6E7CF7A62BB9BC6F00D3647F /* MainViewController.swift */,
				6E7CF7A72BB9BC6F00D3647F /* MainViewController.xib */,
			);
			path = Main;
			sourceTree = "<group>";
		};
		6E7CF7AA2BB9BC8200D3647F /* Assets */ = {
			isa = PBXGroup;
			children = (
				6E7CF77D2BB9B9D000D3647F /* Assets.xcassets */,
			);
			path = Assets;
			sourceTree = "<group>";
		};
		6E7CF7AB2BB9BC8F00D3647F /* App */ = {
			isa = PBXGroup;
			children = (
				6E7CF7742BB9B9CF00D3647F /* AppDelegate.swift */,
				6E7CF7762BB9B9CF00D3647F /* SceneDelegate.swift */,
			);
			path = App;
			sourceTree = "<group>";
		};
		6E7CF7B22BB9C1F700D3647F /* CNetwork */ = {
			isa = PBXGroup;
			children = (
				6E7CF7B32BB9C21A00D3647F /* NetworkConstants.swift */,
				6E7CF7B52BB9C23B00D3647F /* CNetworkRouter.swift */,
				6E7CF7B72BB9C62700D3647F /* CNetworkError.swift */,
				6E7CF7B92BB9C64E00D3647F /* CNetwork.swift */,
			);
			path = CNetwork;
			sourceTree = "<group>";
		};
/* End PBXGroup section */

/* Begin PBXNativeTarget section */
		6E7CF7702BB9B9CF00D3647F /* CleanSwiftTemplate */ = {
			isa = PBXNativeTarget;
			buildConfigurationList = 6E7CF79B2BB9B9D000D3647F /* Build configuration list for PBXNativeTarget "CleanSwiftTemplate" */;
			buildPhases = (
				6E7CF76D2BB9B9CF00D3647F /* Sources */,
				6E7CF76E2BB9B9CF00D3647F /* Frameworks */,
				6E7CF76F2BB9B9CF00D3647F /* Resources */,
			);
			buildRules = (
			);
			dependencies = (
			);
			name = CleanSwiftTemplate;
			packageProductDependencies = (
				6E7CF7AD2BB9C12400D3647F /* Alamofire */,
				6E4851962BB9F97A007D51FE /* KRProgressHUD */,
			);
			productName = CleanSwiftTemplate;
			productReference = 6E7CF7712BB9B9CF00D3647F /* CleanSwiftTemplate.app */;
			productType = "com.apple.product-type.application";
		};
		6E7CF7862BB9B9D000D3647F /* CleanSwiftTemplateTests */ = {
			isa = PBXNativeTarget;
			buildConfigurationList = 6E7CF79E2BB9B9D000D3647F /* Build configuration list for PBXNativeTarget "CleanSwiftTemplateTests" */;
			buildPhases = (
				6E7CF7832BB9B9D000D3647F /* Sources */,
				6E7CF7842BB9B9D000D3647F /* Frameworks */,
				6E7CF7852BB9B9D000D3647F /* Resources */,
			);
			buildRules = (
			);
			dependencies = (
				6E7CF7892BB9B9D000D3647F /* PBXTargetDependency */,
			);
			name = CleanSwiftTemplateTests;
			productName = CleanSwiftTemplateTests;
			productReference = 6E7CF7872BB9B9D000D3647F /* CleanSwiftTemplateTests.xctest */;
			productType = "com.apple.product-type.bundle.unit-test";
		};
		6E7CF7902BB9B9D000D3647F /* CleanSwiftTemplateUITests */ = {
			isa = PBXNativeTarget;
			buildConfigurationList = 6E7CF7A12BB9B9D000D3647F /* Build configuration list for PBXNativeTarget "CleanSwiftTemplateUITests" */;
			buildPhases = (
				6E7CF78D2BB9B9D000D3647F /* Sources */,
				6E7CF78E2BB9B9D000D3647F /* Frameworks */,
				6E7CF78F2BB9B9D000D3647F /* Resources */,
			);
			buildRules = (
			);
			dependencies = (
				6E7CF7932BB9B9D000D3647F /* PBXTargetDependency */,
			);
			name = CleanSwiftTemplateUITests;
			productName = CleanSwiftTemplateUITests;
			productReference = 6E7CF7912BB9B9D000D3647F /* CleanSwiftTemplateUITests.xctest */;
			productType = "com.apple.product-type.bundle.ui-testing";
		};
/* End PBXNativeTarget section */

/* Begin PBXProject section */
		6E7CF7692BB9B9CF00D3647F /* Project object */ = {
			isa = PBXProject;
			attributes = {
				BuildIndependentTargetsInParallel = 1;
				LastSwiftUpdateCheck = 1520;
				LastUpgradeCheck = 1520;
				TargetAttributes = {
					6E7CF7702BB9B9CF00D3647F = {
						CreatedOnToolsVersion = 15.2;
					};
					6E7CF7862BB9B9D000D3647F = {
						CreatedOnToolsVersion = 15.2;
						TestTargetID = 6E7CF7702BB9B9CF00D3647F;
					};
					6E7CF7902BB9B9D000D3647F = {
						CreatedOnToolsVersion = 15.2;
						TestTargetID = 6E7CF7702BB9B9CF00D3647F;
					};
				};
			};
			buildConfigurationList = 6E7CF76C2BB9B9CF00D3647F /* Build configuration list for PBXProject "CleanSwiftTemplate" */;
			compatibilityVersion = "Xcode 14.0";
			developmentRegion = en;
			hasScannedForEncodings = 0;
			knownRegions = (
				en,
				Base,
			);
			mainGroup = 6E7CF7682BB9B9CF00D3647F;
			packageReferences = (
				6E7CF7AC2BB9C12400D3647F /* XCRemoteSwiftPackageReference "Alamofire" */,
				6E4851952BB9F97A007D51FE /* XCRemoteSwiftPackageReference "KRProgressHUD" */,
			);
			productRefGroup = 6E7CF7722BB9B9CF00D3647F /* Products */;
			projectDirPath = "";
			projectRoot = "";
			targets = (
				6E7CF7702BB9B9CF00D3647F /* CleanSwiftTemplate */,
				6E7CF7862BB9B9D000D3647F /* CleanSwiftTemplateTests */,
				6E7CF7902BB9B9D000D3647F /* CleanSwiftTemplateUITests */,
			);
		};
/* End PBXProject section */

/* Begin PBXResourcesBuildPhase section */
		6E7CF76F2BB9B9CF00D3647F /* Resources */ = {
			isa = PBXResourcesBuildPhase;
			buildActionMask = 2147483647;
			files = (
				6E7CF7812BB9B9D000D3647F /* LaunchScreen.storyboard in Resources */,
				6E7CF7A92BB9BC6F00D3647F /* MainViewController.xib in Resources */,
				6E7CF77E2BB9B9D000D3647F /* Assets.xcassets in Resources */,
			);
			runOnlyForDeploymentPostprocessing = 0;
		};
		6E7CF7852BB9B9D000D3647F /* Resources */ = {
			isa = PBXResourcesBuildPhase;
			buildActionMask = 2147483647;
			files = (
			);
			runOnlyForDeploymentPostprocessing = 0;
		};
		6E7CF78F2BB9B9D000D3647F /* Resources */ = {
			isa = PBXResourcesBuildPhase;
			buildActionMask = 2147483647;
			files = (
			);
			runOnlyForDeploymentPostprocessing = 0;
		};
/* End PBXResourcesBuildPhase section */

/* Begin PBXSourcesBuildPhase section */
		6E7CF76D2BB9B9CF00D3647F /* Sources */ = {
			isa = PBXSourcesBuildPhase;
			buildActionMask = 2147483647;
			files = (
				6E7CF7BA2BB9C64E00D3647F /* CNetwork.swift in Sources */,
				6E7CF7B42BB9C21A00D3647F /* NetworkConstants.swift in Sources */,
				6E7CF7752BB9B9CF00D3647F /* AppDelegate.swift in Sources */,
				6E7CF7B62BB9C23B00D3647F /* CNetworkRouter.swift in Sources */,
				6E7CF7B82BB9C62700D3647F /* CNetworkError.swift in Sources */,
				6E7CF7772BB9B9CF00D3647F /* SceneDelegate.swift in Sources */,
				6E7CF7A82BB9BC6F00D3647F /* MainViewController.swift in Sources */,
			);
			runOnlyForDeploymentPostprocessing = 0;
		};
		6E7CF7832BB9B9D000D3647F /* Sources */ = {
			isa = PBXSourcesBuildPhase;
			buildActionMask = 2147483647;
			files = (
				6E7CF78C2BB9B9D000D3647F /* CleanSwiftTemplateTests.swift in Sources */,
			);
			runOnlyForDeploymentPostprocessing = 0;
		};
		6E7CF78D2BB9B9D000D3647F /* Sources */ = {
			isa = PBXSourcesBuildPhase;
			buildActionMask = 2147483647;
			files = (
				6E7CF7982BB9B9D000D3647F /* CleanSwiftTemplateUITestsLaunchTests.swift in Sources */,
				6E7CF7962BB9B9D000D3647F /* CleanSwiftTemplateUITests.swift in Sources */,
			);
			runOnlyForDeploymentPostprocessing = 0;
		};
/* End PBXSourcesBuildPhase section */

/* Begin PBXTargetDependency section */
		6E7CF7892BB9B9D000D3647F /* PBXTargetDependency */ = {
			isa = PBXTargetDependency;
			target = 6E7CF7702BB9B9CF00D3647F /* CleanSwiftTemplate */;
			targetProxy = 6E7CF7882BB9B9D000D3647F /* PBXContainerItemProxy */;
		};
		6E7CF7932BB9B9D000D3647F /* PBXTargetDependency */ = {
			isa = PBXTargetDependency;
			target = 6E7CF7702BB9B9CF00D3647F /* CleanSwiftTemplate */;
			targetProxy = 6E7CF7922BB9B9D000D3647F /* PBXContainerItemProxy */;
		};
/* End PBXTargetDependency section */

/* Begin PBXVariantGroup section */
		6E7CF77F2BB9B9D000D3647F /* LaunchScreen.storyboard */ = {
			isa = PBXVariantGroup;
			children = (
				6E7CF7802BB9B9D000D3647F /* Base */,
			);
			name = LaunchScreen.storyboard;
			sourceTree = "<group>";
		};
/* End PBXVariantGroup section */

/* Begin XCBuildConfiguration section */
		6E7CF7992BB9B9D000D3647F /* Debug */ = {
			isa = XCBuildConfiguration;
			buildSettings = {
				ALWAYS_SEARCH_USER_PATHS = NO;
				ASSETCATALOG_COMPILER_GENERATE_SWIFT_ASSET_SYMBOL_EXTENSIONS = YES;
				CLANG_ANALYZER_NONNULL = YES;
				CLANG_ANALYZER_NUMBER_OBJECT_CONVERSION = YES_AGGRESSIVE;
				CLANG_CXX_LANGUAGE_STANDARD = "gnu++20";
				CLANG_ENABLE_MODULES = YES;
				CLANG_ENABLE_OBJC_ARC = YES;
				CLANG_ENABLE_OBJC_WEAK = YES;
				CLANG_WARN_BLOCK_CAPTURE_AUTORELEASING = YES;
				CLANG_WARN_BOOL_CONVERSION = YES;
				CLANG_WARN_COMMA = YES;
				CLANG_WARN_CONSTANT_CONVERSION = YES;
				CLANG_WARN_DEPRECATED_OBJC_IMPLEMENTATIONS = YES;
				CLANG_WARN_DIRECT_OBJC_ISA_USAGE = YES_ERROR;
				CLANG_WARN_DOCUMENTATION_COMMENTS = YES;
				CLANG_WARN_EMPTY_BODY = YES;
				CLANG_WARN_ENUM_CONVERSION = YES;
				CLANG_WARN_INFINITE_RECURSION = YES;
				CLANG_WARN_INT_CONVERSION = YES;
				CLANG_WARN_NON_LITERAL_NULL_CONVERSION = YES;
				CLANG_WARN_OBJC_IMPLICIT_RETAIN_SELF = YES;
				CLANG_WARN_OBJC_LITERAL_CONVERSION = YES;
				CLANG_WARN_OBJC_ROOT_CLASS = YES_ERROR;
				CLANG_WARN_QUOTED_INCLUDE_IN_FRAMEWORK_HEADER = YES;
				CLANG_WARN_RANGE_LOOP_ANALYSIS = YES;
				CLANG_WARN_STRICT_PROTOTYPES = YES;
				CLANG_WARN_SUSPICIOUS_MOVE = YES;
				CLANG_WARN_UNGUARDED_AVAILABILITY = YES_AGGRESSIVE;
				CLANG_WARN_UNREACHABLE_CODE = YES;
				CLANG_WARN__DUPLICATE_METHOD_MATCH = YES;
				COPY_PHASE_STRIP = NO;
				DEBUG_INFORMATION_FORMAT = dwarf;
				ENABLE_STRICT_OBJC_MSGSEND = YES;
				ENABLE_TESTABILITY = YES;
				ENABLE_USER_SCRIPT_SANDBOXING = YES;
				GCC_C_LANGUAGE_STANDARD = gnu17;
				GCC_DYNAMIC_NO_PIC = NO;
				GCC_NO_COMMON_BLOCKS = YES;
				GCC_OPTIMIZATION_LEVEL = 0;
				GCC_PREPROCESSOR_DEFINITIONS = (
					"DEBUG=1",
					"$(inherited)",
				);
				GCC_WARN_64_TO_32_BIT_CONVERSION = YES;
				GCC_WARN_ABOUT_RETURN_TYPE = YES_ERROR;
				GCC_WARN_UNDECLARED_SELECTOR = YES;
				GCC_WARN_UNINITIALIZED_AUTOS = YES_AGGRESSIVE;
				GCC_WARN_UNUSED_FUNCTION = YES;
				GCC_WARN_UNUSED_VARIABLE = YES;
				IPHONEOS_DEPLOYMENT_TARGET = 17.2;
				LOCALIZATION_PREFERS_STRING_CATALOGS = YES;
				MTL_ENABLE_DEBUG_INFO = INCLUDE_SOURCE;
				MTL_FAST_MATH = YES;
				ONLY_ACTIVE_ARCH = YES;
				SDKROOT = iphoneos;
				SWIFT_ACTIVE_COMPILATION_CONDITIONS = "DEBUG $(inherited)";
				SWIFT_OPTIMIZATION_LEVEL = "-Onone";
			};
			name = Debug;
		};
		6E7CF79A2BB9B9D000D3647F /* Release */ = {
			isa = XCBuildConfiguration;
			buildSettings = {
				ALWAYS_SEARCH_USER_PATHS = NO;
				ASSETCATALOG_COMPILER_GENERATE_SWIFT_ASSET_SYMBOL_EXTENSIONS = YES;
				CLANG_ANALYZER_NONNULL = YES;
				CLANG_ANALYZER_NUMBER_OBJECT_CONVERSION = YES_AGGRESSIVE;
				CLANG_CXX_LANGUAGE_STANDARD = "gnu++20";
				CLANG_ENABLE_MODULES = YES;
				CLANG_ENABLE_OBJC_ARC = YES;
				CLANG_ENABLE_OBJC_WEAK = YES;
				CLANG_WARN_BLOCK_CAPTURE_AUTORELEASING = YES;
				CLANG_WARN_BOOL_CONVERSION = YES;
				CLANG_WARN_COMMA = YES;
				CLANG_WARN_CONSTANT_CONVERSION = YES;
				CLANG_WARN_DEPRECATED_OBJC_IMPLEMENTATIONS = YES;
				CLANG_WARN_DIRECT_OBJC_ISA_USAGE = YES_ERROR;
				CLANG_WARN_DOCUMENTATION_COMMENTS = YES;
				CLANG_WARN_EMPTY_BODY = YES;
				CLANG_WARN_ENUM_CONVERSION = YES;
				CLANG_WARN_INFINITE_RECURSION = YES;
				CLANG_WARN_INT_CONVERSION = YES;
				CLANG_WARN_NON_LITERAL_NULL_CONVERSION = YES;
				CLANG_WARN_OBJC_IMPLICIT_RETAIN_SELF = YES;
				CLANG_WARN_OBJC_LITERAL_CONVERSION = YES;
				CLANG_WARN_OBJC_ROOT_CLASS = YES_ERROR;
				CLANG_WARN_QUOTED_INCLUDE_IN_FRAMEWORK_HEADER = YES;
				CLANG_WARN_RANGE_LOOP_ANALYSIS = YES;
				CLANG_WARN_STRICT_PROTOTYPES = YES;
				CLANG_WARN_SUSPICIOUS_MOVE = YES;
				CLANG_WARN_UNGUARDED_AVAILABILITY = YES_AGGRESSIVE;
				CLANG_WARN_UNREACHABLE_CODE = YES;
				CLANG_WARN__DUPLICATE_METHOD_MATCH = YES;
				COPY_PHASE_STRIP = NO;
				DEBUG_INFORMATION_FORMAT = "dwarf-with-dsym";
				ENABLE_NS_ASSERTIONS = NO;
				ENABLE_STRICT_OBJC_MSGSEND = YES;
				ENABLE_USER_SCRIPT_SANDBOXING = YES;
				GCC_C_LANGUAGE_STANDARD = gnu17;
				GCC_NO_COMMON_BLOCKS = YES;
				GCC_WARN_64_TO_32_BIT_CONVERSION = YES;
				GCC_WARN_ABOUT_RETURN_TYPE = YES_ERROR;
				GCC_WARN_UNDECLARED_SELECTOR = YES;
				GCC_WARN_UNINITIALIZED_AUTOS = YES_AGGRESSIVE;
				GCC_WARN_UNUSED_FUNCTION = YES;
				GCC_WARN_UNUSED_VARIABLE = YES;
				IPHONEOS_DEPLOYMENT_TARGET = 17.2;
				LOCALIZATION_PREFERS_STRING_CATALOGS = YES;
				MTL_ENABLE_DEBUG_INFO = NO;
				MTL_FAST_MATH = YES;
				SDKROOT = iphoneos;
				SWIFT_COMPILATION_MODE = wholemodule;
				VALIDATE_PRODUCT = YES;
			};
			name = Release;
		};
		6E7CF79C2BB9B9D000D3647F /* Debug */ = {
			isa = XCBuildConfiguration;
			buildSettings = {
				ASSETCATALOG_COMPILER_APPICON_NAME = AppIcon;
				ASSETCATALOG_COMPILER_GLOBAL_ACCENT_COLOR_NAME = AccentColor;
				CODE_SIGN_STYLE = Automatic;
				CURRENT_PROJECT_VERSION = 1;
				DEVELOPMENT_TEAM = 4JD9VD2H9J;
				GENERATE_INFOPLIST_FILE = YES;
				INFOPLIST_FILE = CleanSwiftTemplate/Info.plist;
				INFOPLIST_KEY_UIApplicationSupportsIndirectInputEvents = YES;
				INFOPLIST_KEY_UILaunchStoryboardName = LaunchScreen;
				INFOPLIST_KEY_UISupportedInterfaceOrientations = UIInterfaceOrientationPortrait;
				INFOPLIST_KEY_UISupportedInterfaceOrientations_iPad = "UIInterfaceOrientationLandscapeLeft UIInterfaceOrientationLandscapeRight UIInterfaceOrientationPortrait UIInterfaceOrientationPortraitUpsideDown";
				LD_RUNPATH_SEARCH_PATHS = (
					"$(inherited)",
					"@executable_path/Frameworks",
				);
				MARKETING_VERSION = 1.0;
				PRODUCT_BUNDLE_IDENTIFIER = com.abdllhyalcn.CleanSwiftTemplate;
				PRODUCT_NAME = "$(TARGET_NAME)";
				SUPPORTED_PLATFORMS = "iphoneos iphonesimulator";
				SUPPORTS_MACCATALYST = NO;
				SWIFT_EMIT_LOC_STRINGS = YES;
				SWIFT_VERSION = 5.0;
				TARGETED_DEVICE_FAMILY = 1;
			};
			name = Debug;
		};
		6E7CF79D2BB9B9D000D3647F /* Release */ = {
			isa = XCBuildConfiguration;
			buildSettings = {
				ASSETCATALOG_COMPILER_APPICON_NAME = AppIcon;
				ASSETCATALOG_COMPILER_GLOBAL_ACCENT_COLOR_NAME = AccentColor;
				CODE_SIGN_STYLE = Automatic;
				CURRENT_PROJECT_VERSION = 1;
				DEVELOPMENT_TEAM = 4JD9VD2H9J;
				GENERATE_INFOPLIST_FILE = YES;
				INFOPLIST_FILE = CleanSwiftTemplate/Info.plist;
				INFOPLIST_KEY_UIApplicationSupportsIndirectInputEvents = YES;
				INFOPLIST_KEY_UILaunchStoryboardName = LaunchScreen;
				INFOPLIST_KEY_UISupportedInterfaceOrientations = UIInterfaceOrientationPortrait;
				INFOPLIST_KEY_UISupportedInterfaceOrientations_iPad = "UIInterfaceOrientationLandscapeLeft UIInterfaceOrientationLandscapeRight UIInterfaceOrientationPortrait UIInterfaceOrientationPortraitUpsideDown";
				LD_RUNPATH_SEARCH_PATHS = (
					"$(inherited)",
					"@executable_path/Frameworks",
				);
				MARKETING_VERSION = 1.0;
				PRODUCT_BUNDLE_IDENTIFIER = com.abdllhyalcn.CleanSwiftTemplate;
				PRODUCT_NAME = "$(TARGET_NAME)";
				SUPPORTED_PLATFORMS = "iphoneos iphonesimulator";
				SUPPORTS_MACCATALYST = NO;
				SWIFT_EMIT_LOC_STRINGS = YES;
				SWIFT_VERSION = 5.0;
				TARGETED_DEVICE_FAMILY = 1;
			};
			name = Release;
		};
		6E7CF79F2BB9B9D000D3647F /* Debug */ = {
			isa = XCBuildConfiguration;
			buildSettings = {
				ALWAYS_EMBED_SWIFT_STANDARD_LIBRARIES = YES;
				BUNDLE_LOADER = "$(TEST_HOST)";
				CODE_SIGN_STYLE = Automatic;
				CURRENT_PROJECT_VERSION = 1;
				DEVELOPMENT_TEAM = 4JD9VD2H9J;
				GENERATE_INFOPLIST_FILE = YES;
				IPHONEOS_DEPLOYMENT_TARGET = 17.2;
				MARKETING_VERSION = 1.0;
				PRODUCT_BUNDLE_IDENTIFIER = com.abdllhyalcn.CleanSwiftTemplateTests;
				PRODUCT_NAME = "$(TARGET_NAME)";
				SWIFT_EMIT_LOC_STRINGS = NO;
				SWIFT_VERSION = 5.0;
				TARGETED_DEVICE_FAMILY = "1,2";
				TEST_HOST = "$(BUILT_PRODUCTS_DIR)/CleanSwiftTemplate.app/$(BUNDLE_EXECUTABLE_FOLDER_PATH)/CleanSwiftTemplate";
			};
			name = Debug;
		};
		6E7CF7A02BB9B9D000D3647F /* Release */ = {
			isa = XCBuildConfiguration;
			buildSettings = {
				ALWAYS_EMBED_SWIFT_STANDARD_LIBRARIES = YES;
				BUNDLE_LOADER = "$(TEST_HOST)";
				CODE_SIGN_STYLE = Automatic;
				CURRENT_PROJECT_VERSION = 1;
				DEVELOPMENT_TEAM = 4JD9VD2H9J;
				GENERATE_INFOPLIST_FILE = YES;
				IPHONEOS_DEPLOYMENT_TARGET = 17.2;
				MARKETING_VERSION = 1.0;
				PRODUCT_BUNDLE_IDENTIFIER = com.abdllhyalcn.CleanSwiftTemplateTests;
				PRODUCT_NAME = "$(TARGET_NAME)";
				SWIFT_EMIT_LOC_STRINGS = NO;
				SWIFT_VERSION = 5.0;
				TARGETED_DEVICE_FAMILY = "1,2";
				TEST_HOST = "$(BUILT_PRODUCTS_DIR)/CleanSwiftTemplate.app/$(BUNDLE_EXECUTABLE_FOLDER_PATH)/CleanSwiftTemplate";
			};
			name = Release;
		};
		6E7CF7A22BB9B9D000D3647F /* Debug */ = {
			isa = XCBuildConfiguration;
			buildSettings = {
				ALWAYS_EMBED_SWIFT_STANDARD_LIBRARIES = YES;
				CODE_SIGN_STYLE = Automatic;
				CURRENT_PROJECT_VERSION = 1;
				DEVELOPMENT_TEAM = 4JD9VD2H9J;
				GENERATE_INFOPLIST_FILE = YES;
				MARKETING_VERSION = 1.0;
				PRODUCT_BUNDLE_IDENTIFIER = com.abdllhyalcn.CleanSwiftTemplateUITests;
				PRODUCT_NAME = "$(TARGET_NAME)";
				SWIFT_EMIT_LOC_STRINGS = NO;
				SWIFT_VERSION = 5.0;
				TARGETED_DEVICE_FAMILY = "1,2";
				TEST_TARGET_NAME = CleanSwiftTemplate;
			};
			name = Debug;
		};
		6E7CF7A32BB9B9D000D3647F /* Release */ = {
			isa = XCBuildConfiguration;
			buildSettings = {
				ALWAYS_EMBED_SWIFT_STANDARD_LIBRARIES = YES;
				CODE_SIGN_STYLE = Automatic;
				CURRENT_PROJECT_VERSION = 1;
				DEVELOPMENT_TEAM = 4JD9VD2H9J;
				GENERATE_INFOPLIST_FILE = YES;
				MARKETING_VERSION = 1.0;
				PRODUCT_BUNDLE_IDENTIFIER = com.abdllhyalcn.CleanSwiftTemplateUITests;
				PRODUCT_NAME = "$(TARGET_NAME)";
				SWIFT_EMIT_LOC_STRINGS = NO;
				SWIFT_VERSION = 5.0;
				TARGETED_DEVICE_FAMILY = "1,2";
				TEST_TARGET_NAME = CleanSwiftTemplate;
			};
			name = Release;
		};
/* End XCBuildConfiguration section */

/* Begin XCConfigurationList section */
		6E7CF76C2BB9B9CF00D3647F /* Build configuration list for PBXProject "CleanSwiftTemplate" */ = {
			isa = XCConfigurationList;
			buildConfigurations = (
				6E7CF7992BB9B9D000D3647F /* Debug */,
				6E7CF79A2BB9B9D000D3647F /* Release */,
			);
			defaultConfigurationIsVisible = 0;
			defaultConfigurationName = Release;
		};
		6E7CF79B2BB9B9D000D3647F /* Build configuration list for PBXNativeTarget "CleanSwiftTemplate" */ = {
			isa = XCConfigurationList;
			buildConfigurations = (
				6E7CF79C2BB9B9D000D3647F /* Debug */,
				6E7CF79D2BB9B9D000D3647F /* Release */,
			);
			defaultConfigurationIsVisible = 0;
			defaultConfigurationName = Release;
		};
		6E7CF79E2BB9B9D000D3647F /* Build configuration list for PBXNativeTarget "CleanSwiftTemplateTests" */ = {
			isa = XCConfigurationList;
			buildConfigurations = (
				6E7CF79F2BB9B9D000D3647F /* Debug */,
				6E7CF7A02BB9B9D000D3647F /* Release */,
			);
			defaultConfigurationIsVisible = 0;
			defaultConfigurationName = Release;
		};
		6E7CF7A12BB9B9D000D3647F /* Build configuration list for PBXNativeTarget "CleanSwiftTemplateUITests" */ = {
			isa = XCConfigurationList;
			buildConfigurations = (
				6E7CF7A22BB9B9D000D3647F /* Debug */,
				6E7CF7A32BB9B9D000D3647F /* Release */,
			);
			defaultConfigurationIsVisible = 0;
			defaultConfigurationName = Release;
		};
/* End XCConfigurationList section */

/* Begin XCRemoteSwiftPackageReference section */
		6E4851952BB9F97A007D51FE /* XCRemoteSwiftPackageReference "KRProgressHUD" */ = {
			isa = XCRemoteSwiftPackageReference;
			repositoryURL = "https://github.com/krimpedance/KRProgressHUD";
			requirement = {
				kind = upToNextMajorVersion;
				minimumVersion = 3.4.8;
			};
		};
		6E7CF7AC2BB9C12400D3647F /* XCRemoteSwiftPackageReference "Alamofire" */ = {
			isa = XCRemoteSwiftPackageReference;
			repositoryURL = "https://github.com/Alamofire/Alamofire.git";
			requirement = {
				kind = upToNextMajorVersion;
				minimumVersion = 5.9.1;
			};
		};
/* End XCRemoteSwiftPackageReference section */

/* Begin XCSwiftPackageProductDependency section */
		6E4851962BB9F97A007D51FE /* KRProgressHUD */ = {
			isa = XCSwiftPackageProductDependency;
			package = 6E4851952BB9F97A007D51FE /* XCRemoteSwiftPackageReference "KRProgressHUD" */;
			productName = KRProgressHUD;
		};
		6E7CF7AD2BB9C12400D3647F /* Alamofire */ = {
			isa = XCSwiftPackageProductDependency;
			package = 6E7CF7AC2BB9C12400D3647F /* XCRemoteSwiftPackageReference "Alamofire" */;
			productName = Alamofire;
		};
/* End XCSwiftPackageProductDependency section */
	};
	rootObject = 6E7CF7692BB9B9CF00D3647F /* Project object */;
}
